// !$*UTF8*$!
{
	"archiveVersion" = "1";
	"classes" = {
	};
	"objectVersion" = "56";
	"objects" = {
		"678DF55B84282CA725C9023C" = {
			"isa" = "PBXFileReference";
			"lastKnownFileType" = "sourcecode.swift";
			"path" = "MangaShelf/AppModel.swift";
			"sourceTree" = "<group>";
		};
		"872247D6705554E6DFD1E56D" = {
			"isa" = "PBXBuildFile";
			"fileRef" = "678DF55B84282CA725C9023C";
		};
		"A1B2C3D4E5F60718293A4B5C" = {
			"isa" = "PBXFileReference";
			"lastKnownFileType" = "sourcecode.swift";
			"path" = "MangaShelf/TrashManagementView.swift";
			"sourceTree" = "<group>";
		};
		"F1E2D3C4B5A6098712345678" = {
			"isa" = "PBXBuildFile";
			"fileRef" = "A1B2C3D4E5F60718293A4B5C";
		};
		"D98D32F53079410F15754FB5" = {
			"isa" = "PBXFileReference";
			"lastKnownFileType" = "sourcecode.swift";
			"path" = "MangaShelf/BrowseHomeView.swift";
			"sourceTree" = "<group>";
		};
		"FF034C61FFB5E86F73CB7F89" = {
			"isa" = "PBXBuildFile";
			"fileRef" = "D98D32F53079410F15754FB5";
		};
		"9EC3262D6346F0BF029CE7B9" = {
			"isa" = "PBXFileReference";
			"lastKnownFileType" = "sourcecode.swift";
			"path" = "MangaShelf/BrowseView.swift";
			"sourceTree" = "<group>";
		};
		"33FBD61F934E956FB8377B52" = {
			"isa" = "PBXBuildFile";
			"fileRef" = "9EC3262D6346F0BF029CE7B9";
		};
		"7C32DA5551C18B52D61AAF1D" = {
			"isa" = "PBXFileReference";
			"lastKnownFileType" = "sourcecode.swift";
			"path" = "MangaShelf/DiagnosticsView.swift";
			"sourceTree" = "<group>";
		};
		"F049EB7D0D36ED8029CD2CB1" = {
			"isa" = "PBXBuildFile";
			"fileRef" = "7C32DA5551C18B52D61AAF1D";
		};
		"A9FEF99C409765876C454219" = {
			"isa" = "PBXFileReference";
			"lastKnownFileType" = "sourcecode.swift";
			"path" = "MangaShelf/HistoryView.swift";
			"sourceTree" = "<group>";
		};
		"5D8BE66919F6D28FEF666A9D" = {
			"isa" = "PBXBuildFile";
			"fileRef" = "A9FEF99C409765876C454219";
		};
		"9140CC710CA050FE687E48BD" = {
			"isa" = "PBXFileReference";
			"lastKnownFileType" = "sourcecode.swift";
			"path" = "MangaShelf/InterfacePreferences.swift";
			"sourceTree" = "<group>";
		};
		"18B0DA1DB36B8A83749BB440" = {
			"isa" = "PBXBuildFile";
			"fileRef" = "9140CC710CA050FE687E48BD";
		};
		"B2B0F47DAE8FC4A5A02A363A" = {
			"isa" = "PBXFileReference";
			"lastKnownFileType" = "sourcecode.swift";
			"path" = "MangaShelf/LibraryView.swift";
			"sourceTree" = "<group>";
		};
		"290BA72B43F95E236840C1C8" = {
			"isa" = "PBXBuildFile";
			"fileRef" = "B2B0F47DAE8FC4A5A02A363A";
		};
		"691024E81AAC14EBBC52121D" = {
			"isa" = "PBXFileReference";
			"lastKnownFileType" = "sourcecode.swift";
			"path" = "MangaShelf/Localization.swift";
			"sourceTree" = "<group>";
		};
		"5F45857D29F86A145432162D" = {
			"isa" = "PBXBuildFile";
			"fileRef" = "691024E81AAC14EBBC52121D";
		};
		"36895890DB87F123F278FE19" = {
			"isa" = "PBXFileReference";
			"lastKnownFileType" = "sourcecode.swift";
			"path" = "MangaShelf/MangaShelfApp.swift";
			"sourceTree" = "<group>";
		};
		"27A279F989D02D26EDF9AEAE" = {
			"isa" = "PBXBuildFile";
			"fileRef" = "36895890DB87F123F278FE19";
		};
		"81291583B8F96C1AC31AFFAF" = {
			"isa" = "PBXFileReference";
			"lastKnownFileType" = "sourcecode.swift";
			"path" = "MangaShelf/MaterialLicenseView.swift";
			"sourceTree" = "<group>";
		};
		"5AB3CC3C5D3BBE0AD2202A16" = {
			"isa" = "PBXBuildFile";
			"fileRef" = "81291583B8F96C1AC31AFFAF";
		};
		"34D96FAADDE66193E9E16132" = {
			"isa" = "PBXFileReference";
			"lastKnownFileType" = "sourcecode.swift";
			"path" = "MangaShelf/OnlineLibraryViews.swift";
			"sourceTree" = "<group>";
		};
		"4A0B0FFFA54892BEEEA547C0" = {
			"isa" = "PBXBuildFile";
			"fileRef" = "34D96FAADDE66193E9E16132";
		};
		"EB1361D8313C9E1E19834992" = {
			"isa" = "PBXFileReference";
			"lastKnownFileType" = "sourcecode.swift";
			"path" = "MangaShelf/OnlineModel.swift";
			"sourceTree" = "<group>";
		};
		"5AE7494E049EA4B5526A2E34" = {
			"isa" = "PBXBuildFile";
			"fileRef" = "EB1361D8313C9E1E19834992";
		};
		"40A79804E2A583D2230CC95D" = {
			"isa" = "PBXFileReference";
			"lastKnownFileType" = "sourcecode.swift";
			"path" = "MangaShelf/OnlineReaderView.swift";
			"sourceTree" = "<group>";
		};
		"5A52183E1E0C015EA724B439" = {
			"isa" = "PBXBuildFile";
			"fileRef" = "40A79804E2A583D2230CC95D";
		};
		"E6C544117A101FE859793C62" = {
			"isa" = "PBXFileReference";
			"lastKnownFileType" = "sourcecode.swift";
			"path" = "MangaShelf/ReaderView.swift";
			"sourceTree" = "<group>";
		};
		"E95143B513FE381330A01AF3" = {
			"isa" = "PBXBuildFile";
			"fileRef" = "E6C544117A101FE859793C62";
		};
		"03AF56BE2C9FDF9DEFBDE818" = {
			"isa" = "PBXFileReference";
			"lastKnownFileType" = "sourcecode.swift";
			"path" = "MangaShelf/SettingsView.swift";
			"sourceTree" = "<group>";
		};
		"D2740EFD5804A93FE8C32426" = {
			"isa" = "PBXBuildFile";
			"fileRef" = "03AF56BE2C9FDF9DEFBDE818";
		};
		"025CFFD8D9721467C74DE41F" = {
			"isa" = "PBXFileReference";
			"lastKnownFileType" = "sourcecode.swift";
			"path" = "MangaShelf/ShelfDetailHero.swift";
			"sourceTree" = "<group>";
		};
		"4A2162F041DC281197DECF87" = {
			"isa" = "PBXBuildFile";
			"fileRef" = "025CFFD8D9721467C74DE41F";
		};
		"CB703A869AC5DF6ACD889674" = {
			"isa" = "PBXFileReference";
			"lastKnownFileType" = "sourcecode.swift";
			"path" = "MangaShelf/ShelfOverflow.swift";
			"sourceTree" = "<group>";
		};
		"978B0C506A63859FEC8758BD" = {
			"isa" = "PBXBuildFile";
			"fileRef" = "CB703A869AC5DF6ACD889674";
		};
		"E1922B570BCE4C39422E681B" = {
			"isa" = "PBXFileReference";
			"lastKnownFileType" = "sourcecode.swift";
			"path" = "MangaShelf/ShelfScreenPreviews.swift";
			"sourceTree" = "<group>";
		};
		"4ACDACC362FC223CA684E3F1" = {
			"isa" = "PBXBuildFile";
			"fileRef" = "E1922B570BCE4C39422E681B";
		};
		"DE0DC5E4E155C1A34DB7B700" = {
			"isa" = "PBXFileReference";
			"lastKnownFileType" = "sourcecode.swift";
			"path" = "MangaShelf/ShelfStyle.swift";
			"sourceTree" = "<group>";
		};
		"D0D3575CC9EE3110DA0A0D4D" = {
			"isa" = "PBXBuildFile";
			"fileRef" = "DE0DC5E4E155C1A34DB7B700";
		};
		"7A016BA7D0E3429EC8C673D3" = {
			"isa" = "PBXFileReference";
			"lastKnownFileType" = "sourcecode.swift";
			"path" = "MangaShelf/SourceViews.swift";
			"sourceTree" = "<group>";
		};
		"0E21964C266B54845FCB371B" = {
			"isa" = "PBXBuildFile";
			"fileRef" = "7A016BA7D0E3429EC8C673D3";
		};
		"E5909737C1A22BC5D0FDCB35" = {
			"isa" = "PBXFileReference";
			"lastKnownFileType" = "sourcecode.swift";
			"path" = "MangaShelf/SupportingSettingsViews.swift";
			"sourceTree" = "<group>";
		};
		"518252F2980738DE596C018C" = {
			"isa" = "PBXBuildFile";
			"fileRef" = "E5909737C1A22BC5D0FDCB35";
		};
		"E73649A555A303621E627576" = {
			"isa" = "PBXFileReference";
			"lastKnownFileType" = "sourcecode.swift";
			"path" = "MangaShelf/TachiUI.swift";
			"sourceTree" = "<group>";
		};
		"9E9E90C666623F06AB57B87D" = {
			"isa" = "PBXBuildFile";
			"fileRef" = "E73649A555A303621E627576";
		};
		"265C02CB2A18289FE6D8316C" = {
			"isa" = "PBXFileReference";
			"lastKnownFileType" = "sourcecode.swift";
			"path" = "MangaShelf/UpdatesView.swift";
			"sourceTree" = "<group>";
		};
		"C4608FAF3D90C38A77665731" = {
			"isa" = "PBXBuildFile";
			"fileRef" = "265C02CB2A18289FE6D8316C";
		};
		"A4CC6BC01A927E2A78FD3BEC" = {
			"isa" = "PBXFileReference";
			"lastKnownFileType" = "text.xml";
			"path" = "MangaShelf/PrivacyInfo.xcprivacy";
			"sourceTree" = "<group>";
		};
		"9CEEC13202AFBF12EE3ABB99" = {
			"isa" = "PBXFileReference";
			"lastKnownFileType" = "text.plist.xml";
			"path" = "MangaShelf/Info.plist";
			"sourceTree" = "<group>";
		};
		"AC9409FD882AAB143BAF818C" = {
			"isa" = "PBXFileReference";
			"lastKnownFileType" = "file";
			"path" = "MangaShelf/Resources/CupertinoIcons.ttf";
			"sourceTree" = "<group>";
		};
		"865441AFEFC59CF51FFEF907" = {
			"isa" = "PBXBuildFile";
			"fileRef" = "AC9409FD882AAB143BAF818C";
		};
		"46644D88DC0B81DD67C241A0" = {
			"isa" = "PBXFileReference";
			"lastKnownFileType" = "file";
			"path" = "MangaShelf/Resources/MaterialIcons-LICENSE.txt";
			"sourceTree" = "<group>";
		};
		"563A4BCE4CF73BBC309A1045" = {
			"isa" = "PBXBuildFile";
			"fileRef" = "46644D88DC0B81DD67C241A0";
		};
		"A3A41CEFD5F8909985882095" = {
			"isa" = "PBXFileReference";
			"lastKnownFileType" = "file";
			"path" = "MangaShelf/Resources/MaterialIcons-Regular.otf";
			"sourceTree" = "<group>";
		};
		"546CF8B052D42EE95F000A0B" = {
			"isa" = "PBXBuildFile";
			"fileRef" = "A3A41CEFD5F8909985882095";
		};
		"B995CFF310C0AEFCF291CD80" = {
			"isa" = "PBXFileReference";
			"lastKnownFileType" = "folder";
			"path" = "MangaShelf/Resources/ReferenceUI";
			"sourceTree" = "<group>";
		};
		"B2C646A29090E5FEC517267D" = {
			"isa" = "PBXBuildFile";
			"fileRef" = "B995CFF310C0AEFCF291CD80";
		};
		"61F8097FF7ECBCC8070177B7" = {
			"isa" = "PBXFileReference";
			"lastKnownFileType" = "file";
			"path" = "MangaShelf/Resources/ReferenceUI-manifest.json";
			"sourceTree" = "<group>";
		};
		"11772619314CB3434ABB0274" = {
			"isa" = "PBXBuildFile";
			"fileRef" = "61F8097FF7ECBCC8070177B7";
		};
		"4C07CB5FA211FED3F6A2F01B" = {
			"isa" = "PBXFileReference";
			"lastKnownFileType" = "folder";
			"path" = "MangaShelf/Resources/ar.lproj";
			"sourceTree" = "<group>";
		};
		"8172A9E5529BBCFBCA8C3BC8" = {
			"isa" = "PBXBuildFile";
			"fileRef" = "4C07CB5FA211FED3F6A2F01B";
		};
		"45A6C487E83BBE65D3605725" = {
			"isa" = "PBXFileReference";
			"lastKnownFileType" = "folder";
			"path" = "MangaShelf/Resources/en.lproj";
			"sourceTree" = "<group>";
		};
		"B338DF91708ACC0CCCF7011A" = {
			"isa" = "PBXBuildFile";
			"fileRef" = "45A6C487E83BBE65D3605725";
		};
		"152881EEA30B74A9FD28FDCD" = {
			"isa" = "PBXFileReference";
			"lastKnownFileType" = "file";
			"path" = "MangaShelf/Resources/icomoon.ttf";
			"sourceTree" = "<group>";
		};
		"75265544505554FDB14CCDA1" = {
			"isa" = "PBXBuildFile";
			"fileRef" = "152881EEA30B74A9FD28FDCD";
		};
		"A8792157CB4F27FB949C035F" = {
			"isa" = "PBXFileReference";
			"explicitFileType" = "wrapper.application";
			"includeInIndex" = "0";
			"path" = "MangaShelf.app";
			"sourceTree" = "BUILT_PRODUCTS_DIR";
		};
		"0A3E27B8CA818264D75C8D81" = {
			"isa" = "PBXGroup";
			"children" = ("A8792157CB4F27FB949C035F",);
			"name" = "Products";
			"sourceTree" = "<group>";
		};
		"C69913C7EE4DFDD011BE172F" = {
			"isa" = "PBXGroup";
			"children" = ("678DF55B84282CA725C9023C", "A1B2C3D4E5F60718293A4B5C", "D98D32F53079410F15754FB5", "9EC3262D6346F0BF029CE7B9", "7C32DA5551C18B52D61AAF1D", "A9FEF99C409765876C454219", "9140CC710CA050FE687E48BD", "B2B0F47DAE8FC4A5A02A363A", "691024E81AAC14EBBC52121D", "36895890DB87F123F278FE19", "81291583B8F96C1AC31AFFAF", "34D96FAADDE66193E9E16132", "EB1361D8313C9E1E19834992", "40A79804E2A583D2230CC95D", "E6C544117A101FE859793C62", "03AF56BE2C9FDF9DEFBDE818", "025CFFD8D9721467C74DE41F", "CB703A869AC5DF6ACD889674", "E1922B570BCE4C39422E681B", "DE0DC5E4E155C1A34DB7B700", "7A016BA7D0E3429EC8C673D3", "E5909737C1A22BC5D0FDCB35", "E73649A555A303621E627576", "265C02CB2A18289FE6D8316C", "A4CC6BC01A927E2A78FD3BEC", "9CEEC13202AFBF12EE3ABB99", "AC9409FD882AAB143BAF818C", "46644D88DC0B81DD67C241A0", "A3A41CEFD5F8909985882095", "B995CFF310C0AEFCF291CD80", "61F8097FF7ECBCC8070177B7", "4C07CB5FA211FED3F6A2F01B", "45A6C487E83BBE65D3605725", "152881EEA30B74A9FD28FDCD", "0A3E27B8CA818264D75C8D81",);
			"sourceTree" = "<group>";
		};
		"BC4A71180870F7945155FBB0" = {
			"isa" = "XCLocalSwiftPackageReference";
			"relativePath" = "..";
		};
		"4BA9EF21491BD6CFD0ACBB24" = {
			"isa" = "XCSwiftPackageProductDependency";
			"package" = "BC4A71180870F7945155FBB0";
			"productName" = "ReaderCore";
		};
		"E684E446F81C7C6A3204D35F" = {
			"isa" = "PBXBuildFile";
			"productRef" = "4BA9EF21491BD6CFD0ACBB24";
		};
		"878A52FC5FF6A57D50B7B870" = {
			"isa" = "PBXSourcesBuildPhase";
			"buildActionMask" = "2147483647";
			"files" = ("872247D6705554E6DFD1E56D", "F1E2D3C4B5A6098712345678", "FF034C61FFB5E86F73CB7F89", "33FBD61F934E956FB8377B52", "F049EB7D0D36ED8029CD2CB1", "5D8BE66919F6D28FEF666A9D", "18B0DA1DB36B8A83749BB440", "290BA72B43F95E236840C1C8", "5F45857D29F86A145432162D", "27A279F989D02D26EDF9AEAE", "5AB3CC3C5D3BBE0AD2202A16", "4A0B0FFFA54892BEEEA547C0", "5AE7494E049EA4B5526A2E34", "5A52183E1E0C015EA724B439", "E95143B513FE381330A01AF3", "D2740EFD5804A93FE8C32426", "4A2162F041DC281197DECF87", "978B0C506A63859FEC8758BD", "4ACDACC362FC223CA684E3F1", "D0D3575CC9EE3110DA0A0D4D", "0E21964C266B54845FCB371B", "518252F2980738DE596C018C", "9E9E90C666623F06AB57B87D", "C4608FAF3D90C38A77665731",);
			"runOnlyForDeploymentPostprocessing" = "0";
		};
		"E2AA269EB967A8853A258BFA" = {
			"isa" = "PBXFrameworksBuildPhase";
			"buildActionMask" = "2147483647";
			"files" = ("E684E446F81C7C6A3204D35F",);
			"runOnlyForDeploymentPostprocessing" = "0";
		};
		"CE592D926B548708CFD0C61E" = {
			"isa" = "PBXBuildFile";
			"fileRef" = "A4CC6BC01A927E2A78FD3BEC";
		};
		"41D311A605520FC7B8B9A980" = {
			"isa" = "PBXResourcesBuildPhase";
			"buildActionMask" = "2147483647";
			"files" = ("CE592D926B548708CFD0C61E", "865441AFEFC59CF51FFEF907", "563A4BCE4CF73BBC309A1045", "546CF8B052D42EE95F000A0B", "B2C646A29090E5FEC517267D", "11772619314CB3434ABB0274", "8172A9E5529BBCFBCA8C3BC8", "B338DF91708ACC0CCCF7011A", "75265544505554FDB14CCDA1",);
			"runOnlyForDeploymentPostprocessing" = "0";
		};
		"33D5227E042B5F8E0C3334E0" = {
			"isa" = "XCBuildConfiguration";
			"name" = "Debug";
			"buildSettings" = {
				"PRODUCT_BUNDLE_IDENTIFIER" = "app.mangashelf.reader";
				"PRODUCT_NAME" = "$(TARGET_NAME)";
				"INFOPLIST_FILE" = "MangaShelf/Info.plist";
				"GENERATE_INFOPLIST_FILE" = "NO";
				"TARGETED_DEVICE_FAMILY" = "1,2";
				"CODE_SIGN_STYLE" = "Automatic";
				"SWIFT_VERSION" = "5.0";
				"SWIFT_STRICT_CONCURRENCY" = "targeted";
				"SUPPORTED_PLATFORMS" = "iphoneos iphonesimulator";
				"ENABLE_PREVIEWS" = "YES";
				"LD_RUNPATH_SEARCH_PATHS" = ("$(inherited)", "@executable_path/Frameworks",);
				"SWIFT_OPTIMIZATION_LEVEL" = "-Onone";
			};
		};
		"083D9CB36248AB893085C99E" = {
			"isa" = "XCBuildConfiguration";
			"name" = "Release";
			"buildSettings" = {
				"PRODUCT_BUNDLE_IDENTIFIER" = "app.mangashelf.reader";
				"PRODUCT_NAME" = "$(TARGET_NAME)";
				"INFOPLIST_FILE" = "MangaShelf/Info.plist";
				"GENERATE_INFOPLIST_FILE" = "NO";
				"TARGETED_DEVICE_FAMILY" = "1,2";
				"CODE_SIGN_STYLE" = "Automatic";
				"SWIFT_VERSION" = "5.0";
				"SWIFT_STRICT_CONCURRENCY" = "targeted";
				"SUPPORTED_PLATFORMS" = "iphoneos iphonesimulator";
				"ENABLE_PREVIEWS" = "YES";
				"LD_RUNPATH_SEARCH_PATHS" = ("$(inherited)", "@executable_path/Frameworks",);
				"SWIFT_OPTIMIZATION_LEVEL" = "-O";
			};
		};
		"F3B146211E02435B32990D07" = {
			"isa" = "XCConfigurationList";
			"buildConfigurations" = ("33D5227E042B5F8E0C3334E0", "083D9CB36248AB893085C99E",);
			"defaultConfigurationIsVisible" = "0";
			"defaultConfigurationName" = "Release";
		};
		"34A04005BCAF206EEC990BD9" = {
			"isa" = "PBXNativeTarget";
			"buildConfigurationList" = "F3B146211E02435B32990D07";
			"buildPhases" = ("878A52FC5FF6A57D50B7B870", "E2AA269EB967A8853A258BFA", "41D311A605520FC7B8B9A980",);
			"buildRules" = ();
			"dependencies" = ();
			"name" = "MangaShelf";
			"packageProductDependencies" = ("4BA9EF21491BD6CFD0ACBB24",);
			"productName" = "MangaShelf";
			"productReference" = "A8792157CB4F27FB949C035F";
			"productType" = "com.apple.product-type.application";
		};
		"EC5EDADA146B7778556B78CB" = {
			"isa" = "XCBuildConfiguration";
			"name" = "Debug";
			"buildSettings" = {
				"SDKROOT" = "iphoneos";
				"IPHONEOS_DEPLOYMENT_TARGET" = "26.0";
				"SWIFT_VERSION" = "5.0";
				"CLANG_ENABLE_MODULES" = "YES";
				"CLANG_ENABLE_OBJC_ARC" = "YES";
				"ENABLE_USER_SCRIPT_SANDBOXING" = "YES";
				"GCC_C_LANGUAGE_STANDARD" = "c11";
				"SWIFT_OPTIMIZATION_LEVEL" = "-Onone";
			};
		};
		"74201C4322622635F0083C0F" = {
			"isa" = "XCBuildConfiguration";
			"name" = "Release";
			"buildSettings" = {
				"SDKROOT" = "iphoneos";
				"IPHONEOS_DEPLOYMENT_TARGET" = "26.0";
				"SWIFT_VERSION" = "5.0";
				"CLANG_ENABLE_MODULES" = "YES";
				"CLANG_ENABLE_OBJC_ARC" = "YES";
				"ENABLE_USER_SCRIPT_SANDBOXING" = "YES";
				"GCC_C_LANGUAGE_STANDARD" = "c11";
				"SWIFT_OPTIMIZATION_LEVEL" = "-O";
			};
		};
		"A2CAB0B14ADF02BBA641F0D6" = {
			"isa" = "XCConfigurationList";
			"buildConfigurations" = ("EC5EDADA146B7778556B78CB", "74201C4322622635F0083C0F",);
			"defaultConfigurationIsVisible" = "0";
			"defaultConfigurationName" = "Release";
		};
		"244210E48437B6556980A702" = {
			"isa" = "PBXProject";
			"attributes" = {
				"LastUpgradeCheck" = "1500";
				"BuildIndependentTargetsInParallel" = "YES";
			};
			"buildConfigurationList" = "A2CAB0B14ADF02BBA641F0D6";
			"compatibilityVersion" = "Xcode 14.0";
			"developmentRegion" = "en";
			"hasScannedForEncodings" = "0";
			"knownRegions" = ("ar", "en", "Base",);
			"mainGroup" = "C69913C7EE4DFDD011BE172F";
			"packageReferences" = ("BC4A71180870F7945155FBB0",);
			"productRefGroup" = "0A3E27B8CA818264D75C8D81";
			"projectDirPath" = "";
			"projectRoot" = "";
			"targets" = ("34A04005BCAF206EEC990BD9",);
		};
	};
	"rootObject" = "244210E48437B6556980A702";
}
